
Microsoft Visual Studio Solution File, Format Version 12.00
# Visual Studio Version 17
VisualStudioVersion = 17.6.33815.320
MinimumVisualStudioVersion = 10.0.40219.1
Project("{FAE04EC0-301F-11D3-BF4B-00C04F79EFBC}") = "BankApplication", "BankApplication\BankApplication.csproj", "{C1450CFA-91EC-4DB9-AE1C-A4351D1CFDEB}"
EndProject
Global
	GlobalSection(SolutionConfigurationPlatforms) = preSolution
		Debug|Any CPU = Debug|Any CPU
		Release|Any CPU = Release|Any CPU
	EndGlobalSection
	GlobalSection(ProjectConfigurationPlatforms) = postSolution
		{C1450CFA-91EC-4DB9-AE1C-A4351D1CFDEB}.Debug|Any CPU.ActiveCfg = Debug|Any CPU
		{C1450CFA-91EC-4DB9-AE1C-A4351D1CFDEB}.Debug|Any CPU.Build.0 = Debug|Any CPU
		{C1450CFA-91EC-4DB9-AE1C-A4351D1CFDEB}.Release|Any CPU.ActiveCfg = Release|Any CPU
		{C1450CFA-91EC-4DB9-AE1C-A4351D1CFDEB}.Release|Any CPU.Build.0 = Release|Any CPU
	EndGlobalSection
	GlobalSection(SolutionProperties) = preSolution
		HideSolutionNode = FALSE
	EndGlobalSection
	GlobalSection(ExtensibilityGlobals) = postSolution
		SolutionGuid = {33F545AC-147E-471E-BE0E-83C168000586}
	EndGlobalSection
EndGlobal
